
Microsoft Visual Studio Solution File, Format Version 12.00
# Visual Studio Version 17
VisualStudioVersion = 17.0.31919.166
MinimumVisualStudioVersion = 10.0.40219.1
Project("{FAE04EC0-301F-11D3-BF4B-00C04F79EFBC}") = "E-Society", "E-Society\E-Society.csproj", "{6991E75B-C51F-40C8-98E9-E24E0D0A93C3}"
EndProject
Global
	GlobalSection(SolutionConfigurationPlatforms) = preSolution
		Debug|Any CPU = Debug|Any CPU
		Release|Any CPU = Release|Any CPU
	EndGlobalSection
	GlobalSection(ProjectConfigurationPlatforms) = postSolution
		{6991E75B-C51F-40C8-98E9-E24E0D0A93C3}.Debug|Any CPU.ActiveCfg = Debug|Any CPU
		{6991E75B-C51F-40C8-98E9-E24E0D0A93C3}.Debug|Any CPU.Build.0 = Debug|Any CPU
		{6991E75B-C51F-40C8-98E9-E24E0D0A93C3}.Release|Any CPU.ActiveCfg = Release|Any CPU
		{6991E75B-C51F-40C8-98E9-E24E0D0A93C3}.Release|Any CPU.Build.0 = Release|Any CPU
	EndGlobalSection
	GlobalSection(SolutionProperties) = preSolution
		HideSolutionNode = FALSE
	EndGlobalSection
	GlobalSection(ExtensibilityGlobals) = postSolution
		SolutionGuid = {071F6137-3513-475D-A697-29551769CC08}
	EndGlobalSection
EndGlobal
